
Microsoft Visual Studio Solution File, Format Version 12.00
# Visual Studio Version 17
VisualStudioVersion = 17.9.34607.119
MinimumVisualStudioVersion = 10.0.40219.1
Project("{FAE04EC0-301F-11D3-BF4B-00C04F79EFBC}") = "Hoi4SaveGameChecksumFix", "Hoi4SaveGameChecksumFix\Hoi4SaveGameChecksumFix.csproj", "{071194B3-17C7-4A51-BFEA-633E3AC7CBBE}"
EndProject
Global
	GlobalSection(SolutionConfigurationPlatforms) = preSolution
		Debug|Any CPU = Debug|Any CPU
		Release|Any CPU = Release|Any CPU
	EndGlobalSection
	GlobalSection(ProjectConfigurationPlatforms) = postSolution
		{071194B3-17C7-4A51-BFEA-633E3AC7CBBE}.Debug|Any CPU.ActiveCfg = Debug|Any CPU
		{071194B3-17C7-4A51-BFEA-633E3AC7CBBE}.Debug|Any CPU.Build.0 = Debug|Any CPU
		{071194B3-17C7-4A51-BFEA-633E3AC7CBBE}.Release|Any CPU.ActiveCfg = Release|Any CPU
		{071194B3-17C7-4A51-BFEA-633E3AC7CBBE}.Release|Any CPU.Build.0 = Release|Any CPU
	EndGlobalSection
	GlobalSection(SolutionProperties) = preSolution
		HideSolutionNode = FALSE
	EndGlobalSection
	GlobalSection(ExtensibilityGlobals) = postSolution
		SolutionGuid = {4D126848-77C8-4D4D-8F2D-E21D1506F504}
	EndGlobalSection
EndGlobal
